
Microsoft Visual Studio Solution File, Format Version 12.00
# Visual Studio Version 17
VisualStudioVersion = 17.4.33213.308
MinimumVisualStudioVersion = 10.0.40219.1
Project("{FAE04EC0-301F-11D3-BF4B-00C04F79EFBC}") = "8.EcuacionesSegundogrado", "8.EcuacionesSegundogrado.csproj", "{AB3CC85A-83F7-4639-87B4-F0C1B34142BB}"
EndProject
Global
	GlobalSection(SolutionConfigurationPlatforms) = preSolution
		Debug|Any CPU = Debug|Any CPU
		Release|Any CPU = Release|Any CPU
	EndGlobalSection
	GlobalSection(ProjectConfigurationPlatforms) = postSolution
		{AB3CC85A-83F7-4639-87B4-F0C1B34142BB}.Debug|Any CPU.ActiveCfg = Debug|Any CPU
		{AB3CC85A-83F7-4639-87B4-F0C1B34142BB}.Debug|Any CPU.Build.0 = Debug|Any CPU
		{AB3CC85A-83F7-4639-87B4-F0C1B34142BB}.Release|Any CPU.ActiveCfg = Release|Any CPU
		{AB3CC85A-83F7-4639-87B4-F0C1B34142BB}.Release|Any CPU.Build.0 = Release|Any CPU
	EndGlobalSection
	GlobalSection(SolutionProperties) = preSolution
		HideSolutionNode = FALSE
	EndGlobalSection
	GlobalSection(ExtensibilityGlobals) = postSolution
		SolutionGuid = {F60860D3-C08D-4A5F-BCAC-23F08CF32802}
	EndGlobalSection
EndGlobal
